// !$*UTF8*$!
{
	archiveVersion = 1;
	classes = {
	};
	objectVersion = 51;
	objects = {

/* Begin PBXBuildFile section */
		3DB013B5243E87C10028645F /* AppDelegate.swift in Sources */ = {isa = PBXBuildFile; fileRef = 3DB013B4243E87C10028645F /* AppDelegate.swift */; };
		3DB013B7243E87C10028645F /* SceneDelegate.swift in Sources */ = {isa = PBXBuildFile; fileRef = 3DB013B6243E87C10028645F /* SceneDelegate.swift */; };
		3DB013B9243E87C10028645F /* MapViewController.swift in Sources */ = {isa = PBXBuildFile; fileRef = 3DB013B8243E87C10028645F /* MapViewController.swift */; };
		3DB013BC243E87C10028645F /* Main.storyboard in Resources */ = {isa = PBXBuildFile; fileRef = 3DB013BA243E87C10028645F /* Main.storyboard */; };
		3DB013BE243E87C10028645F /* Assets.xcassets in Resources */ = {isa = PBXBuildFile; fileRef = 3DB013BD243E87C10028645F /* Assets.xcassets */; };
		3DB013C1243E87C10028645F /* LaunchScreen.storyboard in Resources */ = {isa = PBXBuildFile; fileRef = 3DB013BF243E87C10028645F /* LaunchScreen.storyboard */; };
		3DB013CC243E87C10028645F /* FinalTests.swift in Sources */ = {isa = PBXBuildFile; fileRef = 3DB013CB243E87C10028645F /* FinalTests.swift */; };
		3DB013D7243E87C10028645F /* FinalUITests.swift in Sources */ = {isa = PBXBuildFile; fileRef = 3DB013D6243E87C10028645F /* FinalUITests.swift */; };
		D2DFD4ABC202B4CD1DB4C3DA /* libPods-Final.a in Frameworks */ = {isa = PBXBuildFile; fileRef = 34CAEED74348430C519BD011 /* libPods-Final.a */; };
		E40D3B322441530200A4EACA /* RecViewController.swift in Sources */ = {isa = PBXBuildFile; fileRef = E40D3B312441530200A4EACA /* RecViewController.swift */; };
		E42DE92F244267B6008CAD11 /* Reviews.swift in Sources */ = {isa = PBXBuildFile; fileRef = E42DE92E244267B6008CAD11 /* Reviews.swift */; };
		E4BA1E0D244179A600CC5E46 /* YelpClientManager.swift in Sources */ = {isa = PBXBuildFile; fileRef = E4BA1E0C244179A600CC5E46 /* YelpClientManager.swift */; };
		E4BA1E1024417D2100CC5E46 /* Business.swift in Sources */ = {isa = PBXBuildFile; fileRef = E4BA1E0F24417D2100CC5E46 /* Business.swift */; };
/* End PBXBuildFile section */

/* Begin PBXContainerItemProxy section */
		3DB013C8243E87C10028645F /* PBXContainerItemProxy */ = {
			isa = PBXContainerItemProxy;
			containerPortal = 3DB013A9243E87C00028645F /* Project object */;
			proxyType = 1;
			remoteGlobalIDString = 3DB013B0243E87C00028645F;
			remoteInfo = Final;
		};
		3DB013D3243E87C10028645F /* PBXContainerItemProxy */ = {
			isa = PBXContainerItemProxy;
			containerPortal = 3DB013A9243E87C00028645F /* Project object */;
			proxyType = 1;
			remoteGlobalIDString = 3DB013B0243E87C00028645F;
			remoteInfo = Final;
		};
/* End PBXContainerItemProxy section */

/* Begin PBXFileReference section */
		34CAEED74348430C519BD011 /* libPods-Final.a */ = {isa = PBXFileReference; explicitFileType = archive.ar; includeInIndex = 0; path = "libPods-Final.a"; sourceTree = BUILT_PRODUCTS_DIR; };
		3DB013B1243E87C00028645F /* Final.app */ = {isa = PBXFileReference; explicitFileType = wrapper.application; includeInIndex = 0; path = Final.app; sourceTree = BUILT_PRODUCTS_DIR; };
		3DB013B4243E87C10028645F /* AppDelegate.swift */ = {isa = PBXFileReference; lastKnownFileType = sourcecode.swift; path = AppDelegate.swift; sourceTree = "<group>"; };
		3DB013B6243E87C10028645F /* SceneDelegate.swift */ = {isa = PBXFileReference; lastKnownFileType = sourcecode.swift; path = SceneDelegate.swift; sourceTree = "<group>"; };
		3DB013B8243E87C10028645F /* MapViewController.swift */ = {isa = PBXFileReference; lastKnownFileType = sourcecode.swift; path = MapViewController.swift; sourceTree = "<group>"; };
		3DB013BB243E87C10028645F /* Base */ = {isa = PBXFileReference; lastKnownFileType = file.storyboard; name = Base; path = Base.lproj/Main.storyboard; sourceTree = "<group>"; };
		3DB013BD243E87C10028645F /* Assets.xcassets */ = {isa = PBXFileReference; lastKnownFileType = folder.assetcatalog; path = Assets.xcassets; sourceTree = "<group>"; };
		3DB013C0243E87C10028645F /* Base */ = {isa = PBXFileReference; lastKnownFileType = file.storyboard; name = Base; path = Base.lproj/LaunchScreen.storyboard; sourceTree = "<group>"; };
		3DB013C2243E87C10028645F /* Info.plist */ = {isa = PBXFileReference; lastKnownFileType = text.plist.xml; path = Info.plist; sourceTree = "<group>"; };
		3DB013C7243E87C10028645F /* FinalTests.xctest */ = {isa = PBXFileReference; explicitFileType = wrapper.cfbundle; includeInIndex = 0; path = FinalTests.xctest; sourceTree = BUILT_PRODUCTS_DIR; };
		3DB013CB243E87C10028645F /* FinalTests.swift */ = {isa = PBXFileReference; lastKnownFileType = sourcecode.swift; path = FinalTests.swift; sourceTree = "<group>"; };
		3DB013CD243E87C10028645F /* Info.plist */ = {isa = PBXFileReference; lastKnownFileType = text.plist.xml; path = Info.plist; sourceTree = "<group>"; };
		3DB013D2243E87C10028645F /* FinalUITests.xctest */ = {isa = PBXFileReference; explicitFileType = wrapper.cfbundle; includeInIndex = 0; path = FinalUITests.xctest; sourceTree = BUILT_PRODUCTS_DIR; };
		3DB013D6243E87C10028645F /* FinalUITests.swift */ = {isa = PBXFileReference; lastKnownFileType = sourcecode.swift; path = FinalUITests.swift; sourceTree = "<group>"; };
		3DB013D8243E87C10028645F /* Info.plist */ = {isa = PBXFileReference; lastKnownFileType = text.plist.xml; path = Info.plist; sourceTree = "<group>"; };
		67B074866F7EF178BD6AE5FC /* Pods-Final.release.xcconfig */ = {isa = PBXFileReference; includeInIndex = 1; lastKnownFileType = text.xcconfig; name = "Pods-Final.release.xcconfig"; path = "Target Support Files/Pods-Final/Pods-Final.release.xcconfig"; sourceTree = "<group>"; };
		760B2699EAEBBE6774A29B97 /* Pods-Final.debug.xcconfig */ = {isa = PBXFileReference; includeInIndex = 1; lastKnownFileType = text.xcconfig; name = "Pods-Final.debug.xcconfig"; path = "Target Support Files/Pods-Final/Pods-Final.debug.xcconfig"; sourceTree = "<group>"; };
		E40D3B312441530200A4EACA /* RecViewController.swift */ = {isa = PBXFileReference; lastKnownFileType = sourcecode.swift; name = RecViewController.swift; path = Final/Controller/RecViewController.swift; sourceTree = SOURCE_ROOT; };
		E42DE92E244267B6008CAD11 /* Reviews.swift */ = {isa = PBXFileReference; lastKnownFileType = sourcecode.swift; path = Reviews.swift; sourceTree = "<group>"; };
		E4BA1E0C244179A600CC5E46 /* YelpClientManager.swift */ = {isa = PBXFileReference; lastKnownFileType = sourcecode.swift; path = YelpClientManager.swift; sourceTree = "<group>"; };
		E4BA1E0F24417D2100CC5E46 /* Business.swift */ = {isa = PBXFileReference; lastKnownFileType = sourcecode.swift; path = Business.swift; sourceTree = "<group>"; };
/* End PBXFileReference section */

/* Begin PBXFrameworksBuildPhase section */
		3DB013AE243E87C00028645F /* Frameworks */ = {
			isa = PBXFrameworksBuildPhase;
			buildActionMask = 2147483647;
			files = (
				D2DFD4ABC202B4CD1DB4C3DA /* libPods-Final.a in Frameworks */,
			);
			runOnlyForDeploymentPostprocessing = 0;
		};
		3DB013C4243E87C10028645F /* Frameworks */ = {
			isa = PBXFrameworksBuildPhase;
			buildActionMask = 2147483647;
			files = (
			);
			runOnlyForDeploymentPostprocessing = 0;
		};
		3DB013CF243E87C10028645F /* Frameworks */ = {
			isa = PBXFrameworksBuildPhase;
			buildActionMask = 2147483647;
			files = (
			);
			runOnlyForDeploymentPostprocessing = 0;
		};
/* End PBXFrameworksBuildPhase section */

/* Begin PBXGroup section */
		3DB013A8243E87C00028645F = {
			isa = PBXGroup;
			children = (
				3DB013B3243E87C10028645F /* Final */,
				3DB013CA243E87C10028645F /* FinalTests */,
				3DB013D5243E87C10028645F /* FinalUITests */,
				3DB013B2243E87C00028645F /* Products */,
				6A2DF99C54FF52EE7C466409 /* Pods */,
				FF94545EB9571375B4E6FD6B /* Frameworks */,
			);
			sourceTree = "<group>";
		};
		3DB013B2243E87C00028645F /* Products */ = {
			isa = PBXGroup;
			children = (
				3DB013B1243E87C00028645F /* Final.app */,
				3DB013C7243E87C10028645F /* FinalTests.xctest */,
				3DB013D2243E87C10028645F /* FinalUITests.xctest */,
			);
			name = Products;
			sourceTree = "<group>";
		};
		3DB013B3243E87C10028645F /* Final */ = {
			isa = PBXGroup;
			children = (
				E4BA1E0E24417CFE00CC5E46 /* Model */,
				E4936AF02441737200C8AF54 /* API */,
				E4936AEF2441733C00C8AF54 /* Controller */,
				3DB013B4243E87C10028645F /* AppDelegate.swift */,
				3DB013B6243E87C10028645F /* SceneDelegate.swift */,
				3DB013BA243E87C10028645F /* Main.storyboard */,
				3DB013BD243E87C10028645F /* Assets.xcassets */,
				3DB013BF243E87C10028645F /* LaunchScreen.storyboard */,
				3DB013C2243E87C10028645F /* Info.plist */,
			);
			path = Final;
			sourceTree = "<group>";
		};
		3DB013CA243E87C10028645F /* FinalTests */ = {
			isa = PBXGroup;
			children = (
				3DB013CB243E87C10028645F /* FinalTests.swift */,
				3DB013CD243E87C10028645F /* Info.plist */,
			);
			path = FinalTests;
			sourceTree = "<group>";
		};
		3DB013D5243E87C10028645F /* FinalUITests */ = {
			isa = PBXGroup;
			children = (
				3DB013D6243E87C10028645F /* FinalUITests.swift */,
				3DB013D8243E87C10028645F /* Info.plist */,
			);
			path = FinalUITests;
			sourceTree = "<group>";
		};
		6A2DF99C54FF52EE7C466409 /* Pods */ = {
			isa = PBXGroup;
			children = (
				760B2699EAEBBE6774A29B97 /* Pods-Final.debug.xcconfig */,
				67B074866F7EF178BD6AE5FC /* Pods-Final.release.xcconfig */,
			);
			path = Pods;
			sourceTree = "<group>";
		};
		E4936AEF2441733C00C8AF54 /* Controller */ = {
			isa = PBXGroup;
			children = (
				3DB013B8243E87C10028645F /* MapViewController.swift */,
				E40D3B312441530200A4EACA /* RecViewController.swift */,
			);
			path = Controller;
			sourceTree = "<group>";
		};
		E4936AF02441737200C8AF54 /* API */ = {
			isa = PBXGroup;
			children = (
				E4BA1E0C244179A600CC5E46 /* YelpClientManager.swift */,
			);
			path = API;
			sourceTree = "<group>";
		};
		E4BA1E0E24417CFE00CC5E46 /* Model */ = {
			isa = PBXGroup;
			children = (
				E4BA1E0F24417D2100CC5E46 /* Business.swift */,
				E42DE92E244267B6008CAD11 /* Reviews.swift */,
			);
			path = Model;
			sourceTree = "<group>";
		};
		FF94545EB9571375B4E6FD6B /* Frameworks */ = {
			isa = PBXGroup;
			children = (
				34CAEED74348430C519BD011 /* libPods-Final.a */,
			);
			name = Frameworks;
			sourceTree = "<group>";
		};
/* End PBXGroup section */

/* Begin PBXNativeTarget section */
		3DB013B0243E87C00028645F /* Final */ = {
			isa = PBXNativeTarget;
			buildConfigurationList = 3DB013DB243E87C10028645F /* Build configuration list for PBXNativeTarget "Final" */;
			buildPhases = (
				D1DD5DB347D8C5EF8BB694C5 /* [CP] Check Pods Manifest.lock */,
				3DB013AD243E87C00028645F /* Sources */,
				3DB013AE243E87C00028645F /* Frameworks */,
				3DB013AF243E87C00028645F /* Resources */,
				F5F3526978D212B1B8888C34 /* [CP] Copy Pods Resources */,
			);
			buildRules = (
			);
			dependencies = (
			);
			name = Final;
			productName = Final;
			productReference = 3DB013B1243E87C00028645F /* Final.app */;
			productType = "com.apple.product-type.application";
		};
		3DB013C6243E87C10028645F /* FinalTests */ = {
			isa = PBXNativeTarget;
			buildConfigurationList = 3DB013DE243E87C10028645F /* Build configuration list for PBXNativeTarget "FinalTests" */;
			buildPhases = (
				3DB013C3243E87C10028645F /* Sources */,
				3DB013C4243E87C10028645F /* Frameworks */,
				3DB013C5243E87C10028645F /* Resources */,
			);
			buildRules = (
			);
			dependencies = (
				3DB013C9243E87C10028645F /* PBXTargetDependency */,
			);
			name = FinalTests;
			productName = FinalTests;
			productReference = 3DB013C7243E87C10028645F /* FinalTests.xctest */;
			productType = "com.apple.product-type.bundle.unit-test";
		};
		3DB013D1243E87C10028645F /* FinalUITests */ = {
			isa = PBXNativeTarget;
			buildConfigurationList = 3DB013E1243E87C10028645F /* Build configuration list for PBXNativeTarget "FinalUITests" */;
			buildPhases = (
				3DB013CE243E87C10028645F /* Sources */,
				3DB013CF243E87C10028645F /* Frameworks */,
				3DB013D0243E87C10028645F /* Resources */,
			);
			buildRules = (
			);
			dependencies = (
				3DB013D4243E87C10028645F /* PBXTargetDependency */,
			);
			name = FinalUITests;
			productName = FinalUITests;
			productReference = 3DB013D2243E87C10028645F /* FinalUITests.xctest */;
			productType = "com.apple.product-type.bundle.ui-testing";
		};
/* End PBXNativeTarget section */

/* Begin PBXProject section */
		3DB013A9243E87C00028645F /* Project object */ = {
			isa = PBXProject;
			attributes = {
				LastSwiftUpdateCheck = 1130;
				LastUpgradeCheck = 1130;
				ORGANIZATIONNAME = "william haberkorn";
				TargetAttributes = {
					3DB013B0243E87C00028645F = {
						CreatedOnToolsVersion = 11.3.1;
					};
					3DB013C6243E87C10028645F = {
						CreatedOnToolsVersion = 11.3.1;
						TestTargetID = 3DB013B0243E87C00028645F;
					};
					3DB013D1243E87C10028645F = {
						CreatedOnToolsVersion = 11.3.1;
						TestTargetID = 3DB013B0243E87C00028645F;
					};
				};
			};
			buildConfigurationList = 3DB013AC243E87C00028645F /* Build configuration list for PBXProject "Final" */;
			compatibilityVersion = "Xcode 9.3";
			developmentRegion = en;
			hasScannedForEncodings = 0;
			knownRegions = (
				en,
				Base,
			);
			mainGroup = 3DB013A8243E87C00028645F;
			productRefGroup = 3DB013B2243E87C00028645F /* Products */;
			projectDirPath = "";
			projectRoot = "";
			targets = (
				3DB013B0243E87C00028645F /* Final */,
				3DB013C6243E87C10028645F /* FinalTests */,
				3DB013D1243E87C10028645F /* FinalUITests */,
			);
		};
/* End PBXProject section */

/* Begin PBXResourcesBuildPhase section */
		3DB013AF243E87C00028645F /* Resources */ = {
			isa = PBXResourcesBuildPhase;
			buildActionMask = 2147483647;
			files = (
				3DB013C1243E87C10028645F /* LaunchScreen.storyboard in Resources */,
				3DB013BE243E87C10028645F /* Assets.xcassets in Resources */,
				3DB013BC243E87C10028645F /* Main.storyboard in Resources */,
			);
			runOnlyForDeploymentPostprocessing = 0;
		};
		3DB013C5243E87C10028645F /* Resources */ = {
			isa = PBXResourcesBuildPhase;
			buildActionMask = 2147483647;
			files = (
			);
			runOnlyForDeploymentPostprocessing = 0;
		};
		3DB013D0243E87C10028645F /* Resources */ = {
			isa = PBXResourcesBuildPhase;
			buildActionMask = 2147483647;
			files = (
			);
			runOnlyForDeploymentPostprocessing = 0;
		};
/* End PBXResourcesBuildPhase section */

/* Begin PBXShellScriptBuildPhase section */
		D1DD5DB347D8C5EF8BB694C5 /* [CP] Check Pods Manifest.lock */ = {
			isa = PBXShellScriptBuildPhase;
			buildActionMask = 2147483647;
			files = (
			);
			inputFileListPaths = (
			);
			inputPaths = (
				"${PODS_PODFILE_DIR_PATH}/Podfile.lock",
				"${PODS_ROOT}/Manifest.lock",
			);
			name = "[CP] Check Pods Manifest.lock";
			outputFileListPaths = (
			);
			outputPaths = (
				"$(DERIVED_FILE_DIR)/Pods-Final-checkManifestLockResult.txt",
			);
			runOnlyForDeploymentPostprocessing = 0;
			shellPath = /bin/sh;
			shellScript = "diff \"${PODS_PODFILE_DIR_PATH}/Podfile.lock\" \"${PODS_ROOT}/Manifest.lock\" > /dev/null\nif [ $? != 0 ] ; then\n    # print error to STDERR\n    echo \"error: The sandbox is not in sync with the Podfile.lock. Run 'pod install' or update your CocoaPods installation.\" >&2\n    exit 1\nfi\n# This output is used by Xcode 'outputs' to avoid re-running this script phase.\necho \"SUCCESS\" > \"${SCRIPT_OUTPUT_FILE_0}\"\n";
			showEnvVarsInLog = 0;
		};
		F5F3526978D212B1B8888C34 /* [CP] Copy Pods Resources */ = {
			isa = PBXShellScriptBuildPhase;
			buildActionMask = 2147483647;
			files = (
			);
			inputFileListPaths = (
				"${PODS_ROOT}/Target Support Files/Pods-Final/Pods-Final-resources-${CONFIGURATION}-input-files.xcfilelist",
			);
			name = "[CP] Copy Pods Resources";
			outputFileListPaths = (
				"${PODS_ROOT}/Target Support Files/Pods-Final/Pods-Final-resources-${CONFIGURATION}-output-files.xcfilelist",
			);
			runOnlyForDeploymentPostprocessing = 0;
			shellPath = /bin/sh;
			shellScript = "\"${PODS_ROOT}/Target Support Files/Pods-Final/Pods-Final-resources.sh\"\n";
			showEnvVarsInLog = 0;
		};
/* End PBXShellScriptBuildPhase section */

/* Begin PBXSourcesBuildPhase section */
		3DB013AD243E87C00028645F /* Sources */ = {
			isa = PBXSourcesBuildPhase;
			buildActionMask = 2147483647;
			files = (
				3DB013B9243E87C10028645F /* MapViewController.swift in Sources */,
				3DB013B5243E87C10028645F /* AppDelegate.swift in Sources */,
				E4BA1E0D244179A600CC5E46 /* YelpClientManager.swift in Sources */,
				E4BA1E1024417D2100CC5E46 /* Business.swift in Sources */,
				E42DE92F244267B6008CAD11 /* Reviews.swift in Sources */,
				3DB013B7243E87C10028645F /* SceneDelegate.swift in Sources */,
				E40D3B322441530200A4EACA /* RecViewController.swift in Sources */,
			);
			runOnlyForDeploymentPostprocessing = 0;
		};
		3DB013C3243E87C10028645F /* Sources */ = {
			isa = PBXSourcesBuildPhase;
			buildActionMask = 2147483647;
			files = (
				3DB013CC243E87C10028645F /* FinalTests.swift in Sources */,
			);
			runOnlyForDeploymentPostprocessing = 0;
		};
		3DB013CE243E87C10028645F /* Sources */ = {
			isa = PBXSourcesBuildPhase;
			buildActionMask = 2147483647;
			files = (
				3DB013D7243E87C10028645F /* FinalUITests.swift in Sources */,
			);
			runOnlyForDeploymentPostprocessing = 0;
		};
/* End PBXSourcesBuildPhase section */

/* Begin PBXTargetDependency section */
		3DB013C9243E87C10028645F /* PBXTargetDependency */ = {
			isa = PBXTargetDependency;
			target = 3DB013B0243E87C00028645F /* Final */;
			targetProxy = 3DB013C8243E87C10028645F /* PBXContainerItemProxy */;
		};
		3DB013D4243E87C10028645F /* PBXTargetDependency */ = {
			isa = PBXTargetDependency;
			target = 3DB013B0243E87C00028645F /* Final */;
			targetProxy = 3DB013D3243E87C10028645F /* PBXContainerItemProxy */;
		};
/* End PBXTargetDependency section */

/* Begin PBXVariantGroup section */
		3DB013BA243E87C10028645F /* Main.storyboard */ = {
			isa = PBXVariantGroup;
			children = (
				3DB013BB243E87C10028645F /* Base */,
			);
			name = Main.storyboard;
			sourceTree = "<group>";
		};
		3DB013BF243E87C10028645F /* LaunchScreen.storyboard */ = {
			isa = PBXVariantGroup;
			children = (
				3DB013C0243E87C10028645F /* Base */,
			);
			name = LaunchScreen.storyboard;
			sourceTree = "<group>";
		};
/* End PBXVariantGroup section */

/* Begin XCBuildConfiguration section */
		3DB013D9243E87C10028645F /* Debug */ = {
			isa = XCBuildConfiguration;
			buildSettings = {
				ALWAYS_SEARCH_USER_PATHS = NO;
				CLANG_ANALYZER_NONNULL = YES;
				CLANG_ANALYZER_NUMBER_OBJECT_CONVERSION = YES_AGGRESSIVE;
				CLANG_CXX_LANGUAGE_STANDARD = "gnu++14";
				CLANG_CXX_LIBRARY = "libc++";
				CLANG_ENABLE_MODULES = YES;
				CLANG_ENABLE_OBJC_ARC = YES;
				CLANG_ENABLE_OBJC_WEAK = YES;
				CLANG_WARN_BLOCK_CAPTURE_AUTORELEASING = YES;
				CLANG_WARN_BOOL_CONVERSION = YES;
				CLANG_WARN_COMMA = YES;
				CLANG_WARN_CONSTANT_CONVERSION = YES;
				CLANG_WARN_DEPRECATED_OBJC_IMPLEMENTATIONS = YES;
				CLANG_WARN_DIRECT_OBJC_ISA_USAGE = YES_ERROR;
				CLANG_WARN_DOCUMENTATION_COMMENTS = YES;
				CLANG_WARN_EMPTY_BODY = YES;
				CLANG_WARN_ENUM_CONVERSION = YES;
				CLANG_WARN_INFINITE_RECURSION = YES;
				CLANG_WARN_INT_CONVERSION = YES;
				CLANG_WARN_NON_LITERAL_NULL_CONVERSION = YES;
				CLANG_WARN_OBJC_IMPLICIT_RETAIN_SELF = YES;
				CLANG_WARN_OBJC_LITERAL_CONVERSION = YES;
				CLANG_WARN_OBJC_ROOT_CLASS = YES_ERROR;
				CLANG_WARN_RANGE_LOOP_ANALYSIS = YES;
				CLANG_WARN_STRICT_PROTOTYPES = YES;
				CLANG_WARN_SUSPICIOUS_MOVE = YES;
				CLANG_WARN_UNGUARDED_AVAILABILITY = YES_AGGRESSIVE;
				CLANG_WARN_UNREACHABLE_CODE = YES;
				CLANG_WARN__DUPLICATE_METHOD_MATCH = YES;
				COPY_PHASE_STRIP = NO;
				DEBUG_INFORMATION_FORMAT = dwarf;
				ENABLE_STRICT_OBJC_MSGSEND = YES;
				ENABLE_TESTABILITY = YES;
				GCC_C_LANGUAGE_STANDARD = gnu11;
				GCC_DYNAMIC_NO_PIC = NO;
				GCC_NO_COMMON_BLOCKS = YES;
				GCC_OPTIMIZATION_LEVEL = 0;
				GCC_PREPROCESSOR_DEFINITIONS = (
					"DEBUG=1",
					"$(inherited)",
				);
				GCC_WARN_64_TO_32_BIT_CONVERSION = YES;
				GCC_WARN_ABOUT_RETURN_TYPE = YES_ERROR;
				GCC_WARN_UNDECLARED_SELECTOR = YES;
				GCC_WARN_UNINITIALIZED_AUTOS = YES_AGGRESSIVE;
				GCC_WARN_UNUSED_FUNCTION = YES;
				GCC_WARN_UNUSED_VARIABLE = YES;
				IPHONEOS_DEPLOYMENT_TARGET = 13.2;
				MTL_ENABLE_DEBUG_INFO = INCLUDE_SOURCE;
				MTL_FAST_MATH = YES;
				ONLY_ACTIVE_ARCH = YES;
				SDKROOT = iphoneos;
				SWIFT_ACTIVE_COMPILATION_CONDITIONS = DEBUG;
				SWIFT_OPTIMIZATION_LEVEL = "-Onone";
			};
			name = Debug;
		};
		3DB013DA243E87C10028645F /* Release */ = {
			isa = XCBuildConfiguration;
			buildSettings = {
				ALWAYS_SEARCH_USER_PATHS = NO;
				CLANG_ANALYZER_NONNULL = YES;
				CLANG_ANALYZER_NUMBER_OBJECT_CONVERSION = YES_AGGRESSIVE;
				CLANG_CXX_LANGUAGE_STANDARD = "gnu++14";
				CLANG_CXX_LIBRARY = "libc++";
				CLANG_ENABLE_MODULES = YES;
				CLANG_ENABLE_OBJC_ARC = YES;
				CLANG_ENABLE_OBJC_WEAK = YES;
				CLANG_WARN_BLOCK_CAPTURE_AUTORELEASING = YES;
				CLANG_WARN_BOOL_CONVERSION = YES;
				CLANG_WARN_COMMA = YES;
				CLANG_WARN_CONSTANT_CONVERSION = YES;
				CLANG_WARN_DEPRECATED_OBJC_IMPLEMENTATIONS = YES;
				CLANG_WARN_DIRECT_OBJC_ISA_USAGE = YES_ERROR;
				CLANG_WARN_DOCUMENTATION_COMMENTS = YES;
				CLANG_WARN_EMPTY_BODY = YES;
				CLANG_WARN_ENUM_CONVERSION = YES;
				CLANG_WARN_INFINITE_RECURSION = YES;
				CLANG_WARN_INT_CONVERSION = YES;
				CLANG_WARN_NON_LITERAL_NULL_CONVERSION = YES;
				CLANG_WARN_OBJC_IMPLICIT_RETAIN_SELF = YES;
				CLANG_WARN_OBJC_LITERAL_CONVERSION = YES;
				CLANG_WARN_OBJC_ROOT_CLASS = YES_ERROR;
				CLANG_WARN_RANGE_LOOP_ANALYSIS = YES;
				CLANG_WARN_STRICT_PROTOTYPES = YES;
				CLANG_WARN_SUSPICIOUS_MOVE = YES;
				CLANG_WARN_UNGUARDED_AVAILABILITY = YES_AGGRESSIVE;
				CLANG_WARN_UNREACHABLE_CODE = YES;
				CLANG_WARN__DUPLICATE_METHOD_MATCH = YES;
				COPY_PHASE_STRIP = NO;
				DEBUG_INFORMATION_FORMAT = "dwarf-with-dsym";
				ENABLE_NS_ASSERTIONS = NO;
				ENABLE_STRICT_OBJC_MSGSEND = YES;
				GCC_C_LANGUAGE_STANDARD = gnu11;
				GCC_NO_COMMON_BLOCKS = YES;
				GCC_WARN_64_TO_32_BIT_CONVERSION = YES;
				GCC_WARN_ABOUT_RETURN_TYPE = YES_ERROR;
				GCC_WARN_UNDECLARED_SELECTOR = YES;
				GCC_WARN_UNINITIALIZED_AUTOS = YES_AGGRESSIVE;
				GCC_WARN_UNUSED_FUNCTION = YES;
				GCC_WARN_UNUSED_VARIABLE = YES;
				IPHONEOS_DEPLOYMENT_TARGET = 13.2;
				MTL_ENABLE_DEBUG_INFO = NO;
				MTL_FAST_MATH = YES;
				SDKROOT = iphoneos;
				SWIFT_COMPILATION_MODE = wholemodule;
				SWIFT_OPTIMIZATION_LEVEL = "-O";
				VALIDATE_PRODUCT = YES;
			};
			name = Release;
		};
		3DB013DC243E87C10028645F /* Debug */ = {
			isa = XCBuildConfiguration;
			baseConfigurationReference = 760B2699EAEBBE6774A29B97 /* Pods-Final.debug.xcconfig */;
			buildSettings = {
				ASSETCATALOG_COMPILER_APPICON_NAME = AppIcon;
				CODE_SIGN_STYLE = Automatic;
				DEVELOPMENT_TEAM = YHK958TSF5;
				INFOPLIST_FILE = Final/Info.plist;
				IPHONEOS_DEPLOYMENT_TARGET = 13.2;
				LD_RUNPATH_SEARCH_PATHS = (
					"$(inherited)",
					"@executable_path/Frameworks",
				);
				PRODUCT_BUNDLE_IDENTIFIER = com.whab;
				PRODUCT_NAME = "$(TARGET_NAME)";
				SWIFT_VERSION = 5.0;
				TARGETED_DEVICE_FAMILY = 1;
			};
			name = Debug;
		};
		3DB013DD243E87C10028645F /* Release */ = {
			isa = XCBuildConfiguration;
			baseConfigurationReference = 67B074866F7EF178BD6AE5FC /* Pods-Final.release.xcconfig */;
			buildSettings = {
				ASSETCATALOG_COMPILER_APPICON_NAME = AppIcon;
				CODE_SIGN_STYLE = Automatic;
				DEVELOPMENT_TEAM = YHK958TSF5;
				INFOPLIST_FILE = Final/Info.plist;
				IPHONEOS_DEPLOYMENT_TARGET = 13.2;
				LD_RUNPATH_SEARCH_PATHS = (
					"$(inherited)",
					"@executable_path/Frameworks",
				);
				PRODUCT_BUNDLE_IDENTIFIER = com.whab;
				PRODUCT_NAME = "$(TARGET_NAME)";
				SWIFT_VERSION = 5.0;
				TARGETED_DEVICE_FAMILY = 1;
			};
			name = Release;
		};
		3DB013DF243E87C10028645F /* Debug */ = {
			isa = XCBuildConfiguration;
			buildSettings = {
				ALWAYS_EMBED_SWIFT_STANDARD_LIBRARIES = YES;
				BUNDLE_LOADER = "$(TEST_HOST)";
				"CODE_SIGN_IDENTITY[sdk=macosx*]" = "Apple Development";
				CODE_SIGN_STYLE = Automatic;
				DEVELOPMENT_TEAM = PGC62Z29HJ;
				INFOPLIST_FILE = FinalTests/Info.plist;
				IPHONEOS_DEPLOYMENT_TARGET = 13.2;
				LD_RUNPATH_SEARCH_PATHS = (
					"$(inherited)",
					"@executable_path/Frameworks",
					"@loader_path/Frameworks",
				);
				PRODUCT_BUNDLE_IDENTIFIER = com.will.FinalTests;
				PRODUCT_NAME = "$(TARGET_NAME)";
				SWIFT_VERSION = 5.0;
				TARGETED_DEVICE_FAMILY = "1,2";
				TEST_HOST = "$(BUILT_PRODUCTS_DIR)/Final.app/Final";
			};
			name = Debug;
		};
		3DB013E0243E87C10028645F /* Release */ = {
			isa = XCBuildConfiguration;
			buildSettings = {
				ALWAYS_EMBED_SWIFT_STANDARD_LIBRARIES = YES;
				BUNDLE_LOADER = "$(TEST_HOST)";
				"CODE_SIGN_IDENTITY[sdk=macosx*]" = "Apple Development";
				CODE_SIGN_STYLE = Automatic;
				DEVELOPMENT_TEAM = PGC62Z29HJ;
				INFOPLIST_FILE = FinalTests/Info.plist;
				IPHONEOS_DEPLOYMENT_TARGET = 13.2;
				LD_RUNPATH_SEARCH_PATHS = (
					"$(inherited)",
					"@executable_path/Frameworks",
					"@loader_path/Frameworks",
				);
				PRODUCT_BUNDLE_IDENTIFIER = com.will.FinalTests;
				PRODUCT_NAME = "$(TARGET_NAME)";
				SWIFT_VERSION = 5.0;
				TARGETED_DEVICE_FAMILY = "1,2";
				TEST_HOST = "$(BUILT_PRODUCTS_DIR)/Final.app/Final";
			};
			name = Release;
		};
		3DB013E2243E87C10028645F /* Debug */ = {
			isa = XCBuildConfiguration;
			buildSettings = {
				ALWAYS_EMBED_SWIFT_STANDARD_LIBRARIES = YES;
				CODE_SIGN_STYLE = Automatic;
				DEVELOPMENT_TEAM = PGC62Z29HJ;
				INFOPLIST_FILE = FinalUITests/Info.plist;
				LD_RUNPATH_SEARCH_PATHS = (
					"$(inherited)",
					"@executable_path/Frameworks",
					"@loader_path/Frameworks",
				);
				PRODUCT_BUNDLE_IDENTIFIER = com.will.FinalUITests;
				PRODUCT_NAME = "$(TARGET_NAME)";
				SWIFT_VERSION = 5.0;
				TARGETED_DEVICE_FAMILY = "1,2";
				TEST_TARGET_NAME = Final;
			};
			name = Debug;
		};
		3DB013E3243E87C10028645F /* Release */ = {
			isa = XCBuildConfiguration;
			buildSettings = {
				ALWAYS_EMBED_SWIFT_STANDARD_LIBRARIES = YES;
				CODE_SIGN_STYLE = Automatic;
				DEVELOPMENT_TEAM = PGC62Z29HJ;
				INFOPLIST_FILE = FinalUITests/Info.plist;
				LD_RUNPATH_SEARCH_PATHS = (
					"$(inherited)",
					"@executable_path/Frameworks",
					"@loader_path/Frameworks",
				);
				PRODUCT_BUNDLE_IDENTIFIER = com.will.FinalUITests;
				PRODUCT_NAME = "$(TARGET_NAME)";
				SWIFT_VERSION = 5.0;
				TARGETED_DEVICE_FAMILY = "1,2";
				TEST_TARGET_NAME = Final;
			};
			name = Release;
		};
/* End XCBuildConfiguration section */

/* Begin XCConfigurationList section */
		3DB013AC243E87C00028645F /* Build configuration list for PBXProject "Final" */ = {
			isa = XCConfigurationList;
			buildConfigurations = (
				3DB013D9243E87C10028645F /* Debug */,
				3DB013DA243E87C10028645F /* Release */,
			);
			defaultConfigurationIsVisible = 0;
			defaultConfigurationName = Release;
		};
		3DB013DB243E87C10028645F /* Build configuration list for PBXNativeTarget "Final" */ = {
			isa = XCConfigurationList;
			buildConfigurations = (
				3DB013DC243E87C10028645F /* Debug */,
				3DB013DD243E87C10028645F /* Release */,
			);
			defaultConfigurationIsVisible = 0;
			defaultConfigurationName = Release;
		};
		3DB013DE243E87C10028645F /* Build configuration list for PBXNativeTarget "FinalTests" */ = {
			isa = XCConfigurationList;
			buildConfigurations = (
				3DB013DF243E87C10028645F /* Debug */,
				3DB013E0243E87C10028645F /* Release */,
			);
			defaultConfigurationIsVisible = 0;
			defaultConfigurationName = Release;
		};
		3DB013E1243E87C10028645F /* Build configuration list for PBXNativeTarget "FinalUITests" */ = {
			isa = XCConfigurationList;
			buildConfigurations = (
				3DB013E2243E87C10028645F /* Debug */,
				3DB013E3243E87C10028645F /* Release */,
			);
			defaultConfigurationIsVisible = 0;
			defaultConfigurationName = Release;
		};
/* End XCConfigurationList section */
	};
	rootObject = 3DB013A9243E87C00028645F /* Project object */;
}
